<Solution>
  <Folder Name="/platform/" />
  <Folder Name="/sati/">
    <Project Path="Carika/Carika.csproj" />
    <Project Path="Carika.Tests/Carika.Tests.csproj" />
    <Project Path="Sati.Api/Sati.Api.csproj" />
    <Project Path="Sati.Api.Tests/Sati.Api.Tests.csproj" />
    <Project Path="Sati.Contracts/Sati.Contracts.csproj" />
    <Project Path="Sati.Forms/Sati.Forms.csproj" />
    <Project Path="Sati.Persistence/Sati.Persistence.csproj" />
    <Project Path="Sati.Portal/Sati.Portal.csproj" />
    <Project Path="Sati.Portal.Tests/Sati.Portal.Tests.csproj" />
    <Project Path="Sati.Signatures/Sati.Signatures.csproj" />
    <Project Path="Sati.Signatures.Tests/Sati.Signatures.Tests.csproj" />
    <Project Path="Sati.Tests/Sati.Tests.csproj" />
    <Project Path="Sati.csproj" />
  </Folder>
  <Folder Name="/karuna/" />
  <Folder Name="/upekkha/" />
</Solution>
